// !$*UTF8*$!
{
	archiveVersion = 1;
	classes = {
	};
	objectVersion = 48;
	objects = {

/* Begin PBXBuildFile section */
		F2A68F1E200D0EEF00820308 /* AppDelegate.swift in Sources */ = {isa = PBXBuildFile; fileRef = F2A68F1D200D0EEF00820308 /* AppDelegate.swift */; };
		F2A68F20200D0EEF00820308 /* ViewController.swift in Sources */ = {isa = PBXBuildFile; fileRef = F2A68F1F200D0EEF00820308 /* ViewController.swift */; };
		F2A68F23200D0EEF00820308 /* Main.storyboard in Resources */ = {isa = PBXBuildFile; fileRef = F2A68F21200D0EEF00820308 /* Main.storyboard */; };
		F2A68F25200D0EEF00820308 /* Assets.xcassets in Resources */ = {isa = PBXBuildFile; fileRef = F2A68F24200D0EEF00820308 /* Assets.xcassets */; };
		F2A68F28200D0EEF00820308 /* LaunchScreen.storyboard in Resources */ = {isa = PBXBuildFile; fileRef = F2A68F26200D0EEF00820308 /* LaunchScreen.storyboard */; };
		F2A68F33200D0EEF00820308 /* ToDoListUITests.swift in Sources */ = {isa = PBXBuildFile; fileRef = F2A68F32200D0EEF00820308 /* ToDoListUITests.swift */; };
		F2A68F3E200D12C800820308 /* AddController.swift in Sources */ = {isa = PBXBuildFile; fileRef = F2A68F3D200D12C800820308 /* AddController.swift */; };
		F2A68F40200D163C00820308 /* constants.swift in Sources */ = {isa = PBXBuildFile; fileRef = F2A68F3F200D163C00820308 /* constants.swift */; };
/* End PBXBuildFile section */

/* Begin PBXContainerItemProxy section */
		F2A68F2F200D0EEF00820308 /* PBXContainerItemProxy */ = {
			isa = PBXContainerItemProxy;
			containerPortal = F2A68F12200D0EEF00820308 /* Project object */;
			proxyType = 1;
			remoteGlobalIDString = F2A68F19200D0EEF00820308;
			remoteInfo = ToDoList;
		};
/* End PBXContainerItemProxy section */

/* Begin PBXFileReference section */
		F2A68F1A200D0EEF00820308 /* ToDoList.app */ = {isa = PBXFileReference; explicitFileType = wrapper.application; includeInIndex = 0; path = ToDoList.app; sourceTree = BUILT_PRODUCTS_DIR; };
		F2A68F1D200D0EEF00820308 /* AppDelegate.swift */ = {isa = PBXFileReference; lastKnownFileType = sourcecode.swift; path = AppDelegate.swift; sourceTree = "<group>"; };
		F2A68F1F200D0EEF00820308 /* ViewController.swift */ = {isa = PBXFileReference; lastKnownFileType = sourcecode.swift; path = ViewController.swift; sourceTree = "<group>"; };
		F2A68F22200D0EEF00820308 /* Base */ = {isa = PBXFileReference; lastKnownFileType = file.storyboard; name = Base; path = Base.lproj/Main.storyboard; sourceTree = "<group>"; };
		F2A68F24200D0EEF00820308 /* Assets.xcassets */ = {isa = PBXFileReference; lastKnownFileType = folder.assetcatalog; path = Assets.xcassets; sourceTree = "<group>"; };
		F2A68F27200D0EEF00820308 /* Base */ = {isa = PBXFileReference; lastKnownFileType = file.storyboard; name = Base; path = Base.lproj/LaunchScreen.storyboard; sourceTree = "<group>"; };
		F2A68F29200D0EEF00820308 /* Info.plist */ = {isa = PBXFileReference; lastKnownFileType = text.plist.xml; path = Info.plist; sourceTree = "<group>"; };
		F2A68F2E200D0EEF00820308 /* ToDoListUITests.xctest */ = {isa = PBXFileReference; explicitFileType = wrapper.cfbundle; includeInIndex = 0; path = ToDoListUITests.xctest; sourceTree = BUILT_PRODUCTS_DIR; };
		F2A68F32200D0EEF00820308 /* ToDoListUITests.swift */ = {isa = PBXFileReference; lastKnownFileType = sourcecode.swift; path = ToDoListUITests.swift; sourceTree = "<group>"; };
		F2A68F34200D0EEF00820308 /* Info.plist */ = {isa = PBXFileReference; lastKnownFileType = text.plist.xml; path = Info.plist; sourceTree = "<group>"; };
		F2A68F3D200D12C800820308 /* AddController.swift */ = {isa = PBXFileReference; lastKnownFileType = sourcecode.swift; path = AddController.swift; sourceTree = "<group>"; };
		F2A68F3F200D163C00820308 /* constants.swift */ = {isa = PBXFileReference; lastKnownFileType = sourcecode.swift; path = constants.swift; sourceTree = "<group>"; };
/* End PBXFileReference section */

/* Begin PBXFrameworksBuildPhase section */
		F2A68F17200D0EEF00820308 /* Frameworks */ = {
			isa = PBXFrameworksBuildPhase;
			buildActionMask = 2147483647;
			files = (
			);
			runOnlyForDeploymentPostprocessing = 0;
		};
		F2A68F2B200D0EEF00820308 /* Frameworks */ = {
			isa = PBXFrameworksBuildPhase;
			buildActionMask = 2147483647;
			files = (
			);
			runOnlyForDeploymentPostprocessing = 0;
		};
/* End PBXFrameworksBuildPhase section */

/* Begin PBXGroup section */
		F2A68F11200D0EEF00820308 = {
			isa = PBXGroup;
			children = (
				F2A68F1C200D0EEF00820308 /* ToDoList */,
				F2A68F31200D0EEF00820308 /* ToDoListUITests */,
				F2A68F1B200D0EEF00820308 /* Products */,
			);
			sourceTree = "<group>";
		};
		F2A68F1B200D0EEF00820308 /* Products */ = {
			isa = PBXGroup;
			children = (
				F2A68F1A200D0EEF00820308 /* ToDoList.app */,
				F2A68F2E200D0EEF00820308 /* ToDoListUITests.xctest */,
			);
			name = Products;
			sourceTree = "<group>";
		};
		F2A68F1C200D0EEF00820308 /* ToDoList */ = {
			isa = PBXGroup;
			children = (
				F2A68F1D200D0EEF00820308 /* AppDelegate.swift */,
				F2A68F1F200D0EEF00820308 /* ViewController.swift */,
				F2A68F3D200D12C800820308 /* AddController.swift */,
				F2A68F3F200D163C00820308 /* constants.swift */,
				F2A68F21200D0EEF00820308 /* Main.storyboard */,
				F2A68F24200D0EEF00820308 /* Assets.xcassets */,
				F2A68F26200D0EEF00820308 /* LaunchScreen.storyboard */,
				F2A68F29200D0EEF00820308 /* Info.plist */,
			);
			path = ToDoList;
			sourceTree = "<group>";
		};
		F2A68F31200D0EEF00820308 /* ToDoListUITests */ = {
			isa = PBXGroup;
			children = (
				F2A68F32200D0EEF00820308 /* ToDoListUITests.swift */,
				F2A68F34200D0EEF00820308 /* Info.plist */,
			);
			path = ToDoListUITests;
			sourceTree = "<group>";
		};
/* End PBXGroup section */

/* Begin PBXNativeTarget section */
		F2A68F19200D0EEF00820308 /* ToDoList */ = {
			isa = PBXNativeTarget;
			buildConfigurationList = F2A68F37200D0EEF00820308 /* Build configuration list for PBXNativeTarget "ToDoList" */;
			buildPhases = (
				F2A68F16200D0EEF00820308 /* Sources */,
				F2A68F17200D0EEF00820308 /* Frameworks */,
				F2A68F18200D0EEF00820308 /* Resources */,
			);
			buildRules = (
			);
			dependencies = (
			);
			name = ToDoList;
			productName = ToDoList;
			productReference = F2A68F1A200D0EEF00820308 /* ToDoList.app */;
			productType = "com.apple.product-type.application";
		};
		F2A68F2D200D0EEF00820308 /* ToDoListUITests */ = {
			isa = PBXNativeTarget;
			buildConfigurationList = F2A68F3A200D0EEF00820308 /* Build configuration list for PBXNativeTarget "ToDoListUITests" */;
			buildPhases = (
				F2A68F2A200D0EEF00820308 /* Sources */,
				F2A68F2B200D0EEF00820308 /* Frameworks */,
				F2A68F2C200D0EEF00820308 /* Resources */,
			);
			buildRules = (
			);
			dependencies = (
				F2A68F30200D0EEF00820308 /* PBXTargetDependency */,
			);
			name = ToDoListUITests;
			productName = ToDoListUITests;
			productReference = F2A68F2E200D0EEF00820308 /* ToDoListUITests.xctest */;
			productType = "com.apple.product-type.bundle.ui-testing";
		};
/* End PBXNativeTarget section */

/* Begin PBXProject section */
		F2A68F12200D0EEF00820308 /* Project object */ = {
			isa = PBXProject;
			attributes = {
				LastSwiftUpdateCheck = 0920;
				LastUpgradeCheck = 0920;
				ORGANIZATIONNAME = "Brede Rimer Bjerke";
				TargetAttributes = {
					F2A68F19200D0EEF00820308 = {
						CreatedOnToolsVersion = 9.2;
						ProvisioningStyle = Automatic;
					};
					F2A68F2D200D0EEF00820308 = {
						CreatedOnToolsVersion = 9.2;
						ProvisioningStyle = Automatic;
						TestTargetID = F2A68F19200D0EEF00820308;
					};
				};
			};
			buildConfigurationList = F2A68F15200D0EEF00820308 /* Build configuration list for PBXProject "ToDoList" */;
			compatibilityVersion = "Xcode 8.0";
			developmentRegion = en;
			hasScannedForEncodings = 0;
			knownRegions = (
				en,
				Base,
			);
			mainGroup = F2A68F11200D0EEF00820308;
			productRefGroup = F2A68F1B200D0EEF00820308 /* Products */;
			projectDirPath = "";
			projectRoot = "";
			targets = (
				F2A68F19200D0EEF00820308 /* ToDoList */,
				F2A68F2D200D0EEF00820308 /* ToDoListUITests */,
			);
		};
/* End PBXProject section */

/* Begin PBXResourcesBuildPhase section */
		F2A68F18200D0EEF00820308 /* Resources */ = {
			isa = PBXResourcesBuildPhase;
			buildActionMask = 2147483647;
			files = (
				F2A68F28200D0EEF00820308 /* LaunchScreen.storyboard in Resources */,
				F2A68F25200D0EEF00820308 /* Assets.xcassets in Resources */,
				F2A68F23200D0EEF00820308 /* Main.storyboard in Resources */,
			);
			runOnlyForDeploymentPostprocessing = 0;
		};
		F2A68F2C200D0EEF00820308 /* Resources */ = {
			isa = PBXResourcesBuildPhase;
			buildActionMask = 2147483647;
			files = (
			);
			runOnlyForDeploymentPostprocessing = 0;
		};
/* End PBXResourcesBuildPhase section */

/* Begin PBXSourcesBuildPhase section */
		F2A68F16200D0EEF00820308 /* Sources */ = {
			isa = PBXSourcesBuildPhase;
			buildActionMask = 2147483647;
			files = (
				F2A68F3E200D12C800820308 /* AddController.swift in Sources */,
				F2A68F20200D0EEF00820308 /* ViewController.swift in Sources */,
				F2A68F1E200D0EEF00820308 /* AppDelegate.swift in Sources */,
				F2A68F40200D163C00820308 /* constants.swift in Sources */,
			);
			runOnlyForDeploymentPostprocessing = 0;
		};
		F2A68F2A200D0EEF00820308 /* Sources */ = {
			isa = PBXSourcesBuildPhase;
			buildActionMask = 2147483647;
			files = (
				F2A68F33200D0EEF00820308 /* ToDoListUITests.swift in Sources */,
			);
			runOnlyForDeploymentPostprocessing = 0;
		};
/* End PBXSourcesBuildPhase section */

/* Begin PBXTargetDependency section */
		F2A68F30200D0EEF00820308 /* PBXTargetDependency */ = {
			isa = PBXTargetDependency;
			target = F2A68F19200D0EEF00820308 /* ToDoList */;
			targetProxy = F2A68F2F200D0EEF00820308 /* PBXContainerItemProxy */;
		};
/* End PBXTargetDependency section */

/* Begin PBXVariantGroup section */
		F2A68F21200D0EEF00820308 /* Main.storyboard */ = {
			isa = PBXVariantGroup;
			children = (
				F2A68F22200D0EEF00820308 /* Base */,
			);
			name = Main.storyboard;
			sourceTree = "<group>";
		};
		F2A68F26200D0EEF00820308 /* LaunchScreen.storyboard */ = {
			isa = PBXVariantGroup;
			children = (
				F2A68F27200D0EEF00820308 /* Base */,
			);
			name = LaunchScreen.storyboard;
			sourceTree = "<group>";
		};
/* End PBXVariantGroup section */

/* Begin XCBuildConfiguration section */
		F2A68F35200D0EEF00820308 /* Debug */ = {
			isa = XCBuildConfiguration;
			buildSettings = {
				ALWAYS_SEARCH_USER_PATHS = NO;
				CLANG_ANALYZER_NONNULL = YES;
				CLANG_ANALYZER_NUMBER_OBJECT_CONVERSION = YES_AGGRESSIVE;
				CLANG_CXX_LANGUAGE_STANDARD = "gnu++14";
				CLANG_CXX_LIBRARY = "libc++";
				CLANG_ENABLE_MODULES = YES;
				CLANG_ENABLE_OBJC_ARC = YES;
				CLANG_WARN_BLOCK_CAPTURE_AUTORELEASING = YES;
				CLANG_WARN_BOOL_CONVERSION = YES;
				CLANG_WARN_COMMA = YES;
				CLANG_WARN_CONSTANT_CONVERSION = YES;
				CLANG_WARN_DIRECT_OBJC_ISA_USAGE = YES_ERROR;
				CLANG_WARN_DOCUMENTATION_COMMENTS = YES;
				CLANG_WARN_EMPTY_BODY = YES;
				CLANG_WARN_ENUM_CONVERSION = YES;
				CLANG_WARN_INFINITE_RECURSION = YES;
				CLANG_WARN_INT_CONVERSION = YES;
				CLANG_WARN_NON_LITERAL_NULL_CONVERSION = YES;
				CLANG_WARN_OBJC_LITERAL_CONVERSION = YES;
				CLANG_WARN_OBJC_ROOT_CLASS = YES_ERROR;
				CLANG_WARN_RANGE_LOOP_ANALYSIS = YES;
				CLANG_WARN_STRICT_PROTOTYPES = YES;
				CLANG_WARN_SUSPICIOUS_MOVE = YES;
				CLANG_WARN_UNGUARDED_AVAILABILITY = YES_AGGRESSIVE;
				CLANG_WARN_UNREACHABLE_CODE = YES;
				CLANG_WARN__DUPLICATE_METHOD_MATCH = YES;
				CODE_SIGN_IDENTITY = "iPhone Developer";
				COPY_PHASE_STRIP = NO;
				DEBUG_INFORMATION_FORMAT = dwarf;
				ENABLE_STRICT_OBJC_MSGSEND = YES;
				ENABLE_TESTABILITY = YES;
				GCC_C_LANGUAGE_STANDARD = gnu11;
				GCC_DYNAMIC_NO_PIC = NO;
				GCC_NO_COMMON_BLOCKS = YES;
				GCC_OPTIMIZATION_LEVEL = 0;
				GCC_PREPROCESSOR_DEFINITIONS = (
					"DEBUG=1",
					"$(inherited)",
				);
				GCC_WARN_64_TO_32_BIT_CONVERSION = YES;
				GCC_WARN_ABOUT_RETURN_TYPE = YES_ERROR;
				GCC_WARN_UNDECLARED_SELECTOR = YES;
				GCC_WARN_UNINITIALIZED_AUTOS = YES_AGGRESSIVE;
				GCC_WARN_UNUSED_FUNCTION = YES;
				GCC_WARN_UNUSED_VARIABLE = YES;
				IPHONEOS_DEPLOYMENT_TARGET = 11.2;
				MTL_ENABLE_DEBUG_INFO = YES;
				ONLY_ACTIVE_ARCH = YES;
				SDKROOT = iphoneos;
				SWIFT_ACTIVE_COMPILATION_CONDITIONS = DEBUG;
				SWIFT_OPTIMIZATION_LEVEL = "-Onone";
			};
			name = Debug;
		};
		F2A68F36200D0EEF00820308 /* Release */ = {
			isa = XCBuildConfiguration;
			buildSettings = {
				ALWAYS_SEARCH_USER_PATHS = NO;
				CLANG_ANALYZER_NONNULL = YES;
				CLANG_ANALYZER_NUMBER_OBJECT_CONVERSION = YES_AGGRESSIVE;
				CLANG_CXX_LANGUAGE_STANDARD = "gnu++14";
				CLANG_CXX_LIBRARY = "libc++";
				CLANG_ENABLE_MODULES = YES;
				CLANG_ENABLE_OBJC_ARC = YES;
				CLANG_WARN_BLOCK_CAPTURE_AUTORELEASING = YES;
				CLANG_WARN_BOOL_CONVERSION = YES;
				CLANG_WARN_COMMA = YES;
				CLANG_WARN_CONSTANT_CONVERSION = YES;
				CLANG_WARN_DIRECT_OBJC_ISA_USAGE = YES_ERROR;
				CLANG_WARN_DOCUMENTATION_COMMENTS = YES;
				CLANG_WARN_EMPTY_BODY = YES;
				CLANG_WARN_ENUM_CONVERSION = YES;
				CLANG_WARN_INFINITE_RECURSION = YES;
				CLANG_WARN_INT_CONVERSION = YES;
				CLANG_WARN_NON_LITERAL_NULL_CONVERSION = YES;
				CLANG_WARN_OBJC_LITERAL_CONVERSION = YES;
				CLANG_WARN_OBJC_ROOT_CLASS = YES_ERROR;
				CLANG_WARN_RANGE_LOOP_ANALYSIS = YES;
				CLANG_WARN_STRICT_PROTOTYPES = YES;
				CLANG_WARN_SUSPICIOUS_MOVE = YES;
				CLANG_WARN_UNGUARDED_AVAILABILITY = YES_AGGRESSIVE;
				CLANG_WARN_UNREACHABLE_CODE = YES;
				CLANG_WARN__DUPLICATE_METHOD_MATCH = YES;
				CODE_SIGN_IDENTITY = "iPhone Developer";
				COPY_PHASE_STRIP = NO;
				DEBUG_INFORMATION_FORMAT = "dwarf-with-dsym";
				ENABLE_NS_ASSERTIONS = NO;
				ENABLE_STRICT_OBJC_MSGSEND = YES;
				GCC_C_LANGUAGE_STANDARD = gnu11;
				GCC_NO_COMMON_BLOCKS = YES;
				GCC_WARN_64_TO_32_BIT_CONVERSION = YES;
				GCC_WARN_ABOUT_RETURN_TYPE = YES_ERROR;
				GCC_WARN_UNDECLARED_SELECTOR = YES;
				GCC_WARN_UNINITIALIZED_AUTOS = YES_AGGRESSIVE;
				GCC_WARN_UNUSED_FUNCTION = YES;
				GCC_WARN_UNUSED_VARIABLE = YES;
				IPHONEOS_DEPLOYMENT_TARGET = 11.2;
				MTL_ENABLE_DEBUG_INFO = NO;
				SDKROOT = iphoneos;
				SWIFT_OPTIMIZATION_LEVEL = "-Owholemodule";
				VALIDATE_PRODUCT = YES;
			};
			name = Release;
		};
		F2A68F38200D0EEF00820308 /* Debug */ = {
			isa = XCBuildConfiguration;
			buildSettings = {
				ASSETCATALOG_COMPILER_APPICON_NAME = AppIcon;
				CODE_SIGN_STYLE = Automatic;
				DEVELOPMENT_TEAM = C8V83U8T9F;
				INFOPLIST_FILE = ToDoList/Info.plist;
				LD_RUNPATH_SEARCH_PATHS = "$(inherited) @executable_path/Frameworks";
				PRODUCT_BUNDLE_IDENTIFIER = Desktop.ToDoList;
				PRODUCT_NAME = "$(TARGET_NAME)";
				SWIFT_VERSION = 4.0;
				TARGETED_DEVICE_FAMILY = "1,2";
			};
			name = Debug;
		};
		F2A68F39200D0EEF00820308 /* Release */ = {
			isa = XCBuildConfiguration;
			buildSettings = {
				ASSETCATALOG_COMPILER_APPICON_NAME = AppIcon;
				CODE_SIGN_STYLE = Automatic;
				DEVELOPMENT_TEAM = C8V83U8T9F;
				INFOPLIST_FILE = ToDoList/Info.plist;
				LD_RUNPATH_SEARCH_PATHS = "$(inherited) @executable_path/Frameworks";
				PRODUCT_BUNDLE_IDENTIFIER = Desktop.ToDoList;
				PRODUCT_NAME = "$(TARGET_NAME)";
				SWIFT_VERSION = 4.0;
				TARGETED_DEVICE_FAMILY = "1,2";
			};
			name = Release;
		};
		F2A68F3B200D0EEF00820308 /* Debug */ = {
			isa = XCBuildConfiguration;
			buildSettings = {
				ALWAYS_EMBED_SWIFT_STANDARD_LIBRARIES = YES;
				CODE_SIGN_STYLE = Automatic;
				DEVELOPMENT_TEAM = C8V83U8T9F;
				INFOPLIST_FILE = ToDoListUITests/Info.plist;
				LD_RUNPATH_SEARCH_PATHS = "$(inherited) @executable_path/Frameworks @loader_path/Frameworks";
				PRODUCT_BUNDLE_IDENTIFIER = Desktop.ToDoListUITests;
				PRODUCT_NAME = "$(TARGET_NAME)";
				SWIFT_VERSION = 4.0;
				TARGETED_DEVICE_FAMILY = "1,2";
				TEST_TARGET_NAME = ToDoList;
			};
			name = Debug;
		};
		F2A68F3C200D0EEF00820308 /* Release */ = {
			isa = XCBuildConfiguration;
			buildSettings = {
				ALWAYS_EMBED_SWIFT_STANDARD_LIBRARIES = YES;
				CODE_SIGN_STYLE = Automatic;
				DEVELOPMENT_TEAM = C8V83U8T9F;
				INFOPLIST_FILE = ToDoListUITests/Info.plist;
				LD_RUNPATH_SEARCH_PATHS = "$(inherited) @executable_path/Frameworks @loader_path/Frameworks";
				PRODUCT_BUNDLE_IDENTIFIER = Desktop.ToDoListUITests;
				PRODUCT_NAME = "$(TARGET_NAME)";
				SWIFT_VERSION = 4.0;
				TARGETED_DEVICE_FAMILY = "1,2";
				TEST_TARGET_NAME = ToDoList;
			};
			name = Release;
		};
/* End XCBuildConfiguration section */

/* Begin XCConfigurationList section */
		F2A68F15200D0EEF00820308 /* Build configuration list for PBXProject "ToDoList" */ = {
			isa = XCConfigurationList;
			buildConfigurations = (
				F2A68F35200D0EEF00820308 /* Debug */,
				F2A68F36200D0EEF00820308 /* Release */,
			);
			defaultConfigurationIsVisible = 0;
			defaultConfigurationName = Release;
		};
		F2A68F37200D0EEF00820308 /* Build configuration list for PBXNativeTarget "ToDoList" */ = {
			isa = XCConfigurationList;
			buildConfigurations = (
				F2A68F38200D0EEF00820308 /* Debug */,
				F2A68F39200D0EEF00820308 /* Release */,
			);
			defaultConfigurationIsVisible = 0;
			defaultConfigurationName = Release;
		};
		F2A68F3A200D0EEF00820308 /* Build configuration list for PBXNativeTarget "ToDoListUITests" */ = {
			isa = XCConfigurationList;
			buildConfigurations = (
				F2A68F3B200D0EEF00820308 /* Debug */,
				F2A68F3C200D0EEF00820308 /* Release */,
			);
			defaultConfigurationIsVisible = 0;
			defaultConfigurationName = Release;
		};
/* End XCConfigurationList section */
	};
	rootObject = F2A68F12200D0EEF00820308 /* Project object */;
}
